
Microsoft Visual Studio Solution File, Format Version 12.00
# Visual Studio 15
VisualStudioVersion = 15.0.26430.4
MinimumVisualStudioVersion = 15.0.26124.0
Project("{2150E333-8FDC-42A3-9474-1A3956D46DE8}") = "_Shared", "_Shared", "{993D7CA9-0181-4EC0-B1E1-1CBAA1D634CC}"
	ProjectSection(SolutionItems) = preProject
		LICENSE = LICENSE
		README.md = README.md
	EndProjectSection
EndProject
Project("{9A19103F-16F7-4668-BE54-9A1E7A4F7556}") = "Fidget.Extensions.Guid", "Fidget.Extensions.Guid\src\Fidget.Extensions.Guid.csproj", "{4BBBEEC2-B60D-4D6A-B854-569B3DF99684}"
EndProject
Project("{2150E333-8FDC-42A3-9474-1A3956D46DE8}") = "Guid", "Guid", "{30F216AA-0CEB-4F3A-9F28-BEBF27001A11}"
EndProject
Project("{9A19103F-16F7-4668-BE54-9A1E7A4F7556}") = "Fidget.Extentions.Guid.Tests", "Fidget.Extensions.Guid\test\Fidget.Extentions.Guid.Tests.csproj", "{D7B29D4C-FA59-40A0-A5F8-B12E807B65F7}"
EndProject
Global
	GlobalSection(SolutionConfigurationPlatforms) = preSolution
		Debug|Any CPU = Debug|Any CPU
		Release|Any CPU = Release|Any CPU
	EndGlobalSection
	GlobalSection(ProjectConfigurationPlatforms) = postSolution
		{4BBBEEC2-B60D-4D6A-B854-569B3DF99684}.Debug|Any CPU.ActiveCfg = Debug|Any CPU
		{4BBBEEC2-B60D-4D6A-B854-569B3DF99684}.Debug|Any CPU.Build.0 = Debug|Any CPU
		{4BBBEEC2-B60D-4D6A-B854-569B3DF99684}.Release|Any CPU.ActiveCfg = Release|Any CPU
		{4BBBEEC2-B60D-4D6A-B854-569B3DF99684}.Release|Any CPU.Build.0 = Release|Any CPU
		{D7B29D4C-FA59-40A0-A5F8-B12E807B65F7}.Debug|Any CPU.ActiveCfg = Debug|Any CPU
		{D7B29D4C-FA59-40A0-A5F8-B12E807B65F7}.Debug|Any CPU.Build.0 = Debug|Any CPU
		{D7B29D4C-FA59-40A0-A5F8-B12E807B65F7}.Release|Any CPU.ActiveCfg = Release|Any CPU
		{D7B29D4C-FA59-40A0-A5F8-B12E807B65F7}.Release|Any CPU.Build.0 = Release|Any CPU
	EndGlobalSection
	GlobalSection(SolutionProperties) = preSolution
		HideSolutionNode = FALSE
	EndGlobalSection
	GlobalSection(NestedProjects) = preSolution
		{4BBBEEC2-B60D-4D6A-B854-569B3DF99684} = {30F216AA-0CEB-4F3A-9F28-BEBF27001A11}
		{D7B29D4C-FA59-40A0-A5F8-B12E807B65F7} = {30F216AA-0CEB-4F3A-9F28-BEBF27001A11}
	EndGlobalSection
EndGlobal
