
Microsoft Visual Studio Solution File, Format Version 12.00
# Visual Studio 15
VisualStudioVersion = 15.0.26430.13
MinimumVisualStudioVersion = 15.0.26124.0
Project("{2150E333-8FDC-42A3-9474-1A3956D46DE8}") = "Solution Items", "Solution Items", "{CA0922A6-E154-4F43-AE30-6DECA1BAB16A}"
	ProjectSection(SolutionItems) = preProject
		LICENSE = LICENSE
	EndProjectSection
EndProject
Project("{9A19103F-16F7-4668-BE54-9A1E7A4F7556}") = "Fidget.Extensions.Reflection", "src\Fidget.Extensions.Reflection.csproj", "{2408EC9B-E3CF-47BF-B461-1D7C2928216D}"
EndProject
Project("{9A19103F-16F7-4668-BE54-9A1E7A4F7556}") = "Fidget.Extensions.Reflection.Test", "test\Fidget.Extensions.Reflection.Test.csproj", "{298B5DE6-284C-4F90-A9A2-B3445A478951}"
EndProject
Global
	GlobalSection(SolutionConfigurationPlatforms) = preSolution
		Debug|Any CPU = Debug|Any CPU
		Debug|x64 = Debug|x64
		Debug|x86 = Debug|x86
		Release|Any CPU = Release|Any CPU
		Release|x64 = Release|x64
		Release|x86 = Release|x86
	EndGlobalSection
	GlobalSection(ProjectConfigurationPlatforms) = postSolution
		{2408EC9B-E3CF-47BF-B461-1D7C2928216D}.Debug|Any CPU.ActiveCfg = Debug|Any CPU
		{2408EC9B-E3CF-47BF-B461-1D7C2928216D}.Debug|Any CPU.Build.0 = Debug|Any CPU
		{2408EC9B-E3CF-47BF-B461-1D7C2928216D}.Debug|x64.ActiveCfg = Debug|Any CPU
		{2408EC9B-E3CF-47BF-B461-1D7C2928216D}.Debug|x64.Build.0 = Debug|Any CPU
		{2408EC9B-E3CF-47BF-B461-1D7C2928216D}.Debug|x86.ActiveCfg = Debug|Any CPU
		{2408EC9B-E3CF-47BF-B461-1D7C2928216D}.Debug|x86.Build.0 = Debug|Any CPU
		{2408EC9B-E3CF-47BF-B461-1D7C2928216D}.Release|Any CPU.ActiveCfg = Release|Any CPU
		{2408EC9B-E3CF-47BF-B461-1D7C2928216D}.Release|Any CPU.Build.0 = Release|Any CPU
		{2408EC9B-E3CF-47BF-B461-1D7C2928216D}.Release|x64.ActiveCfg = Release|Any CPU
		{2408EC9B-E3CF-47BF-B461-1D7C2928216D}.Release|x64.Build.0 = Release|Any CPU
		{2408EC9B-E3CF-47BF-B461-1D7C2928216D}.Release|x86.ActiveCfg = Release|Any CPU
		{2408EC9B-E3CF-47BF-B461-1D7C2928216D}.Release|x86.Build.0 = Release|Any CPU
		{298B5DE6-284C-4F90-A9A2-B3445A478951}.Debug|Any CPU.ActiveCfg = Debug|Any CPU
		{298B5DE6-284C-4F90-A9A2-B3445A478951}.Debug|Any CPU.Build.0 = Debug|Any CPU
		{298B5DE6-284C-4F90-A9A2-B3445A478951}.Debug|x64.ActiveCfg = Debug|Any CPU
		{298B5DE6-284C-4F90-A9A2-B3445A478951}.Debug|x64.Build.0 = Debug|Any CPU
		{298B5DE6-284C-4F90-A9A2-B3445A478951}.Debug|x86.ActiveCfg = Debug|Any CPU
		{298B5DE6-284C-4F90-A9A2-B3445A478951}.Debug|x86.Build.0 = Debug|Any CPU
		{298B5DE6-284C-4F90-A9A2-B3445A478951}.Release|Any CPU.ActiveCfg = Release|Any CPU
		{298B5DE6-284C-4F90-A9A2-B3445A478951}.Release|Any CPU.Build.0 = Release|Any CPU
		{298B5DE6-284C-4F90-A9A2-B3445A478951}.Release|x64.ActiveCfg = Release|Any CPU
		{298B5DE6-284C-4F90-A9A2-B3445A478951}.Release|x64.Build.0 = Release|Any CPU
		{298B5DE6-284C-4F90-A9A2-B3445A478951}.Release|x86.ActiveCfg = Release|Any CPU
		{298B5DE6-284C-4F90-A9A2-B3445A478951}.Release|x86.Build.0 = Release|Any CPU
	EndGlobalSection
	GlobalSection(SolutionProperties) = preSolution
		HideSolutionNode = FALSE
	EndGlobalSection
EndGlobal
