
Microsoft Visual Studio Solution File, Format Version 12.00
# Visual Studio 15
VisualStudioVersion = 15.0.26430.13
MinimumVisualStudioVersion = 15.0.26124.0
Project("{2150E333-8FDC-42A3-9474-1A3956D46DE8}") = "_Shared", "_Shared", "{8EEB41A1-C278-4C66-B3CA-F863D083486A}"
	ProjectSection(SolutionItems) = preProject
		..\LICENSE = ..\LICENSE
		..\README.md = ..\README.md
	EndProjectSection
EndProject
Project("{9A19103F-16F7-4668-BE54-9A1E7A4F7556}") = "Fidget.Extensions.Guids", "Fidget.Extensions.Guids\src\Fidget.Extensions.Guids.csproj", "{996B9127-17CF-41E5-8710-0D93784F360E}"
EndProject
Project("{9A19103F-16F7-4668-BE54-9A1E7A4F7556}") = "Fidget.Extensions.Guids.Test", "Fidget.Extensions.Guids\test\Fidget.Extensions.Guids.Test.csproj", "{17E0C2E8-B466-4CFD-A19D-76F27AF2D66A}"
EndProject
Project("{2150E333-8FDC-42A3-9474-1A3956D46DE8}") = "Guids", "Guids", "{4532D616-AF24-43B7-AD85-093D758CF448}"
	ProjectSection(SolutionItems) = preProject
		Fidget.Extensions.Guids\README.md = Fidget.Extensions.Guids\README.md
	EndProjectSection
EndProject
Project("{2150E333-8FDC-42A3-9474-1A3956D46DE8}") = "Reflection", "Reflection", "{129848BC-3328-4070-8D04-FFCE4E950053}"
EndProject
Project("{9A19103F-16F7-4668-BE54-9A1E7A4F7556}") = "Fidget.Extensions.Reflection", "Fidget.Extensions.Reflection\src\Fidget.Extensions.Reflection.csproj", "{3BB34FBA-E777-4D3C-8063-2322665277C0}"
EndProject
Project("{9A19103F-16F7-4668-BE54-9A1E7A4F7556}") = "Fidget.Extensions.Reflection.Test", "Fidget.Extensions.Reflection\test\Fidget.Extensions.Reflection.Test.csproj", "{073215D9-C304-4B66-83D1-CB63B30599CF}"
EndProject
Global
	GlobalSection(SolutionConfigurationPlatforms) = preSolution
		Debug|Any CPU = Debug|Any CPU
		Release|Any CPU = Release|Any CPU
	EndGlobalSection
	GlobalSection(ProjectConfigurationPlatforms) = postSolution
		{996B9127-17CF-41E5-8710-0D93784F360E}.Debug|Any CPU.ActiveCfg = Debug|Any CPU
		{996B9127-17CF-41E5-8710-0D93784F360E}.Debug|Any CPU.Build.0 = Debug|Any CPU
		{996B9127-17CF-41E5-8710-0D93784F360E}.Release|Any CPU.ActiveCfg = Release|Any CPU
		{996B9127-17CF-41E5-8710-0D93784F360E}.Release|Any CPU.Build.0 = Release|Any CPU
		{17E0C2E8-B466-4CFD-A19D-76F27AF2D66A}.Debug|Any CPU.ActiveCfg = Debug|Any CPU
		{17E0C2E8-B466-4CFD-A19D-76F27AF2D66A}.Debug|Any CPU.Build.0 = Debug|Any CPU
		{17E0C2E8-B466-4CFD-A19D-76F27AF2D66A}.Release|Any CPU.ActiveCfg = Release|Any CPU
		{17E0C2E8-B466-4CFD-A19D-76F27AF2D66A}.Release|Any CPU.Build.0 = Release|Any CPU
		{3BB34FBA-E777-4D3C-8063-2322665277C0}.Debug|Any CPU.ActiveCfg = Debug|Any CPU
		{3BB34FBA-E777-4D3C-8063-2322665277C0}.Debug|Any CPU.Build.0 = Debug|Any CPU
		{3BB34FBA-E777-4D3C-8063-2322665277C0}.Release|Any CPU.ActiveCfg = Release|Any CPU
		{3BB34FBA-E777-4D3C-8063-2322665277C0}.Release|Any CPU.Build.0 = Release|Any CPU
		{073215D9-C304-4B66-83D1-CB63B30599CF}.Debug|Any CPU.ActiveCfg = Debug|Any CPU
		{073215D9-C304-4B66-83D1-CB63B30599CF}.Debug|Any CPU.Build.0 = Debug|Any CPU
		{073215D9-C304-4B66-83D1-CB63B30599CF}.Release|Any CPU.ActiveCfg = Release|Any CPU
		{073215D9-C304-4B66-83D1-CB63B30599CF}.Release|Any CPU.Build.0 = Release|Any CPU
	EndGlobalSection
	GlobalSection(SolutionProperties) = preSolution
		HideSolutionNode = FALSE
	EndGlobalSection
	GlobalSection(NestedProjects) = preSolution
		{996B9127-17CF-41E5-8710-0D93784F360E} = {4532D616-AF24-43B7-AD85-093D758CF448}
		{17E0C2E8-B466-4CFD-A19D-76F27AF2D66A} = {4532D616-AF24-43B7-AD85-093D758CF448}
		{3BB34FBA-E777-4D3C-8063-2322665277C0} = {129848BC-3328-4070-8D04-FFCE4E950053}
		{073215D9-C304-4B66-83D1-CB63B30599CF} = {129848BC-3328-4070-8D04-FFCE4E950053}
	EndGlobalSection
EndGlobal
